schema: '2.0'
stages:
  data_ingestion:
    cmd: python src/data/data_ingestion.py
    deps:
    - path: data/reddit.csv
      hash: md5
      md5: 38ee083169162dbac0cb07c80ac0f04e
      size: 6888934
    - path: src/data/data_ingestion.py
      hash: md5
      md5: ad7be03b298493400c6bc7917e767561
      size: 4146
    params:
      params.yaml:
        data_ingestion.test_size: 0.2
    outs:
    - path: data/raw
      hash: md5
      md5: b855e2bab4e21078d44844fee5be9da3.dir
      size: 6882906
      nfiles: 2
  data_preprocessing:
    cmd: python src/data/data_preprocessing.py
    deps:
    - path: data/raw/test.csv
      hash: md5
      md5: 295b88d81555e67a857db0337244e118
      size: 1341252
    - path: data/raw/train.csv
      hash: md5
      md5: 70faef66e6135c49f7f02db4a55e9fdd
      size: 5541654
    - path: src/common/text_preprocessing.py
      hash: md5
      md5: 24617fc689acfac949cc625de0675286
      size: 3491
    - path: src/data/data_preprocessing.py
      hash: md5
      md5: f3077512f730ca673af2e30cbfba349f
      size: 2547
    outs:
    - path: data/interim
      hash: md5
      md5: a2bbccdc23dd271231099f8d5c99ff87.dir
      size: 5098055
      nfiles: 2
  model_building:
    cmd: python src/model/model_building.py
    deps:
    - path: data/interim/train_processed.csv
      hash: md5
      md5: 86284f4698366b0f2ee05c211c0e9453
      size: 4104889
    - path: src/common/text_preprocessing.py
      hash: md5
      md5: 24617fc689acfac949cc625de0675286
      size: 3491
    - path: src/model/model_building.py
      hash: md5
      md5: 40cc2bdba7a6759e00b8d7321d51f93e
      size: 4642
    - path: src/model/pipeline.py
      hash: md5
      md5: 3d3099cf92fa40fb650211018cfb6989
      size: 971
    params:
      params.yaml:
        model_building.learning_rate: 0.09
        model_building.max_depth: 20
        model_building.max_features: 1000
        model_building.n_estimators: 367
        model_building.ngram_range:
        - 1
        - 3
    outs:
    - path: sentiment_pipeline.pkl
      hash: md5
      md5: e24bc324cd4665be21114787690e77ba
      size: 3924051
  model_evaluation:
    cmd: python src/model/model_evaluation.py
    deps:
    - path: data/interim/test_processed.csv
      hash: md5
      md5: 5b260b8114240fb9c541c0d07b150b14
      size: 993166
    - path: data/interim/train_processed.csv
      hash: md5
      md5: 86284f4698366b0f2ee05c211c0e9453
      size: 4104889
    - path: sentiment_pipeline.pkl
      hash: md5
      md5: e24bc324cd4665be21114787690e77ba
      size: 3924051
    - path: src/common/text_preprocessing.py
      hash: md5
      md5: 24617fc689acfac949cc625de0675286
      size: 3491
    - path: src/model/config.py
      hash: md5
      md5: 1fbacf611e2dd7233fbdae7e42c15477
      size: 2252
    - path: src/model/model_evaluation.py
      hash: md5
      md5: 0402636267b506040b1e0606a676bddf
      size: 6745
    outs:
    - path: experiment_info.json
      hash: md5
      md5: 86fa5ce2727196bf877ea13e75ea66b7
      size: 124
  model_registration:
    cmd: python src/model/register_model.py
    deps:
    - path: experiment_info.json
      hash: md5
      md5: 86fa5ce2727196bf877ea13e75ea66b7
      size: 124
    - path: src/model/config.py
      hash: md5
      md5: 1fbacf611e2dd7233fbdae7e42c15477
      size: 2252
    - path: src/model/register_model.py
      hash: md5
      md5: 3ee2f31ac69f21e33b5a9b7555d7f9f4
      size: 3635
